uuid: cfdf6e7c-3b98-4d97-bd05-ecd0c7b4577d
langcode: en
status: true
dependencies:
  config:
    - views.view.user_points
  module:
    - system
    - views
  theme:
    - bootstrap
id: views_block__user_points_user_points_block
theme: bootstrap
region: content
weight: -7
provider: null
plugin: 'views_block:user_points-user_points_block'
settings:
  id: 'views_block:user_points-user_points_block'
  label: ''
  label_display: '0'
  provider: views
  context_mapping: {  }
  views_label: ''
  items_per_page: none
visibility:
  request_path:
    id: request_path
    negate: false
    context_mapping: {  }
    pages: '/user/*'
