uuid: 85f053f1-ab9c-421b-a565-81ea5e66477b
langcode: en
status: true
dependencies:
  config:
    - views.view.my_assignments
  module:
    - system
    - views
  theme:
    - bootstrap
id: views_block__my_assignments_my_assignments_block
theme: bootstrap
region: content
weight: -5
provider: null
plugin: 'views_block:my_assignments-my_assignments_block'
settings:
  id: 'views_block:my_assignments-my_assignments_block'
  label: ''
  label_display: visible
  provider: views
  views_label: ''
  items_per_page: none
visibility:
  request_path:
    id: request_path
    negate: false
    context_mapping: {  }
    pages: '/user/*'
